{
  "name": "AdminPanel",
  "lockfileVersion": 3,
  "requires": true,
  "packages": {
    "": {
      "dependencies": {
        "color-calendar": "^1.0.7"
      }
    },
    "node_modules/color-calendar": {
      "version": "1.0.7",
      "resolved": "https://registry.npmjs.org/color-calendar/-/color-calendar-1.0.7.tgz",
      "integrity": "sha512-XPTAc07oBC4Qyo7LuofUy1IueXNyKh19cwJn35slY8M7IgQEcFcRjxgEslHckoWwTH/OVRXCa1GUZz7+RzvYjA==",
      "license": "MIT"
    }
  }
}
